// !$*UTF8*$!
{
	archiveVersion = 1;
	classes = {
	};
	objectVersion = 50;
	objects = {

/* Begin PBXBuildFile section */
		BB0E3D43265B661C00914A77 /* MultipleTableViewController.swift in Sources */ = {isa = PBXBuildFile; fileRef = BB0E3D42265B661C00914A77 /* MultipleTableViewController.swift */; };
		BB261FF4265E0204001B2461 /* DetailViewController.swift in Sources */ = {isa = PBXBuildFile; fileRef = BB261FF3265E0204001B2461 /* DetailViewController.swift */; };
		BB479E4D2652270B007F01D9 /* AppDelegate.swift in Sources */ = {isa = PBXBuildFile; fileRef = BB479E4C2652270B007F01D9 /* AppDelegate.swift */; };
		BB479E4F2652270B007F01D9 /* SceneDelegate.swift in Sources */ = {isa = PBXBuildFile; fileRef = BB479E4E2652270B007F01D9 /* SceneDelegate.swift */; };
		BB479E542652270B007F01D9 /* Main.storyboard in Resources */ = {isa = PBXBuildFile; fileRef = BB479E522652270B007F01D9 /* Main.storyboard */; };
		BB479E572652270B007F01D9 /* Discovery.xcdatamodeld in Sources */ = {isa = PBXBuildFile; fileRef = BB479E552652270B007F01D9 /* Discovery.xcdatamodeld */; };
		BB479E5926522713007F01D9 /* Assets.xcassets in Resources */ = {isa = PBXBuildFile; fileRef = BB479E5826522713007F01D9 /* Assets.xcassets */; };
		BB479E5C26522713007F01D9 /* LaunchScreen.storyboard in Resources */ = {isa = PBXBuildFile; fileRef = BB479E5A26522713007F01D9 /* LaunchScreen.storyboard */; };
		BB4847D92653414000468BA5 /* TableViewController.swift in Sources */ = {isa = PBXBuildFile; fileRef = BB4847D82653414000468BA5 /* TableViewController.swift */; };
		BB6FF53A2655F67D004368B2 /* CustomCell.swift in Sources */ = {isa = PBXBuildFile; fileRef = BB6FF5392655F67D004368B2 /* CustomCell.swift */; };
		BBE10875265A9B6000E3A1E9 /* KeywordsTableViewController.swift in Sources */ = {isa = PBXBuildFile; fileRef = BBE10874265A9B6000E3A1E9 /* KeywordsTableViewController.swift */; };
		BBE10878265A9D2A00E3A1E9 /* KeywordsTableViewCell.swift in Sources */ = {isa = PBXBuildFile; fileRef = BBE10877265A9D2A00E3A1E9 /* KeywordsTableViewCell.swift */; };
/* End PBXBuildFile section */

/* Begin PBXFileReference section */
		BB0E3D42265B661C00914A77 /* MultipleTableViewController.swift */ = {isa = PBXFileReference; lastKnownFileType = sourcecode.swift; path = MultipleTableViewController.swift; sourceTree = "<group>"; };
		BB261FF3265E0204001B2461 /* DetailViewController.swift */ = {isa = PBXFileReference; lastKnownFileType = sourcecode.swift; path = DetailViewController.swift; sourceTree = "<group>"; };
		BB479E492652270B007F01D9 /* Discovery.app */ = {isa = PBXFileReference; explicitFileType = wrapper.application; includeInIndex = 0; path = Discovery.app; sourceTree = BUILT_PRODUCTS_DIR; };
		BB479E4C2652270B007F01D9 /* AppDelegate.swift */ = {isa = PBXFileReference; lastKnownFileType = sourcecode.swift; path = AppDelegate.swift; sourceTree = "<group>"; };
		BB479E4E2652270B007F01D9 /* SceneDelegate.swift */ = {isa = PBXFileReference; lastKnownFileType = sourcecode.swift; path = SceneDelegate.swift; sourceTree = "<group>"; };
		BB479E532652270B007F01D9 /* Base */ = {isa = PBXFileReference; lastKnownFileType = file.storyboard; name = Base; path = Base.lproj/Main.storyboard; sourceTree = "<group>"; };
		BB479E562652270B007F01D9 /* Discovery.xcdatamodel */ = {isa = PBXFileReference; lastKnownFileType = wrapper.xcdatamodel; path = Discovery.xcdatamodel; sourceTree = "<group>"; };
		BB479E5826522713007F01D9 /* Assets.xcassets */ = {isa = PBXFileReference; lastKnownFileType = folder.assetcatalog; path = Assets.xcassets; sourceTree = "<group>"; };
		BB479E5B26522713007F01D9 /* Base */ = {isa = PBXFileReference; lastKnownFileType = file.storyboard; name = Base; path = Base.lproj/LaunchScreen.storyboard; sourceTree = "<group>"; };
		BB479E5D26522713007F01D9 /* Info.plist */ = {isa = PBXFileReference; lastKnownFileType = text.plist.xml; path = Info.plist; sourceTree = "<group>"; };
		BB4847D82653414000468BA5 /* TableViewController.swift */ = {isa = PBXFileReference; lastKnownFileType = sourcecode.swift; path = TableViewController.swift; sourceTree = "<group>"; };
		BB6FF5392655F67D004368B2 /* CustomCell.swift */ = {isa = PBXFileReference; lastKnownFileType = sourcecode.swift; name = CustomCell.swift; path = ViewControllers/CustomCell.swift; sourceTree = "<group>"; };
		BBE10874265A9B6000E3A1E9 /* KeywordsTableViewController.swift */ = {isa = PBXFileReference; lastKnownFileType = sourcecode.swift; path = KeywordsTableViewController.swift; sourceTree = "<group>"; };
		BBE10877265A9D2A00E3A1E9 /* KeywordsTableViewCell.swift */ = {isa = PBXFileReference; lastKnownFileType = sourcecode.swift; path = KeywordsTableViewCell.swift; sourceTree = "<group>"; };
/* End PBXFileReference section */

/* Begin PBXFrameworksBuildPhase section */
		BB479E462652270B007F01D9 /* Frameworks */ = {
			isa = PBXFrameworksBuildPhase;
			buildActionMask = 2147483647;
			files = (
			);
			runOnlyForDeploymentPostprocessing = 0;
		};
/* End PBXFrameworksBuildPhase section */

/* Begin PBXGroup section */
		BB479E402652270B007F01D9 = {
			isa = PBXGroup;
			children = (
				BB479E4B2652270B007F01D9 /* Discovery */,
				BB479E4A2652270B007F01D9 /* Products */,
			);
			sourceTree = "<group>";
		};
		BB479E4A2652270B007F01D9 /* Products */ = {
			isa = PBXGroup;
			children = (
				BB479E492652270B007F01D9 /* Discovery.app */,
			);
			name = Products;
			sourceTree = "<group>";
		};
		BB479E4B2652270B007F01D9 /* Discovery */ = {
			isa = PBXGroup;
			children = (
				BBE10877265A9D2A00E3A1E9 /* KeywordsTableViewCell.swift */,
				BB6FF5392655F67D004368B2 /* CustomCell.swift */,
				BB0E3D42265B661C00914A77 /* MultipleTableViewController.swift */,
				BB4847DF265355C700468BA5 /* ViewControllers */,
				BB479E4C2652270B007F01D9 /* AppDelegate.swift */,
				BB479E4E2652270B007F01D9 /* SceneDelegate.swift */,
				BB479E522652270B007F01D9 /* Main.storyboard */,
				BB479E5826522713007F01D9 /* Assets.xcassets */,
				BB479E5A26522713007F01D9 /* LaunchScreen.storyboard */,
				BB479E5D26522713007F01D9 /* Info.plist */,
				BB479E552652270B007F01D9 /* Discovery.xcdatamodeld */,
			);
			path = Discovery;
			sourceTree = "<group>";
		};
		BB4847DF265355C700468BA5 /* ViewControllers */ = {
			isa = PBXGroup;
			children = (
				BB4847D82653414000468BA5 /* TableViewController.swift */,
				BBE10874265A9B6000E3A1E9 /* KeywordsTableViewController.swift */,
				BB261FF3265E0204001B2461 /* DetailViewController.swift */,
			);
			path = ViewControllers;
			sourceTree = "<group>";
		};
/* End PBXGroup section */

/* Begin PBXNativeTarget section */
		BB479E482652270B007F01D9 /* Discovery */ = {
			isa = PBXNativeTarget;
			buildConfigurationList = BB479E6026522713007F01D9 /* Build configuration list for PBXNativeTarget "Discovery" */;
			buildPhases = (
				BB479E452652270B007F01D9 /* Sources */,
				BB479E462652270B007F01D9 /* Frameworks */,
				BB479E472652270B007F01D9 /* Resources */,
			);
			buildRules = (
			);
			dependencies = (
			);
			name = Discovery;
			productName = Discovery;
			productReference = BB479E492652270B007F01D9 /* Discovery.app */;
			productType = "com.apple.product-type.application";
		};
/* End PBXNativeTarget section */

/* Begin PBXProject section */
		BB479E412652270B007F01D9 /* Project object */ = {
			isa = PBXProject;
			attributes = {
				LastSwiftUpdateCheck = 1240;
				LastUpgradeCheck = 1240;
				TargetAttributes = {
					BB479E482652270B007F01D9 = {
						CreatedOnToolsVersion = 12.4;
					};
				};
			};
			buildConfigurationList = BB479E442652270B007F01D9 /* Build configuration list for PBXProject "Discovery" */;
			compatibilityVersion = "Xcode 9.3";
			developmentRegion = en;
			hasScannedForEncodings = 0;
			knownRegions = (
				en,
				Base,
			);
			mainGroup = BB479E402652270B007F01D9;
			productRefGroup = BB479E4A2652270B007F01D9 /* Products */;
			projectDirPath = "";
			projectRoot = "";
			targets = (
				BB479E482652270B007F01D9 /* Discovery */,
			);
		};
/* End PBXProject section */

/* Begin PBXResourcesBuildPhase section */
		BB479E472652270B007F01D9 /* Resources */ = {
			isa = PBXResourcesBuildPhase;
			buildActionMask = 2147483647;
			files = (
				BB479E5C26522713007F01D9 /* LaunchScreen.storyboard in Resources */,
				BB479E5926522713007F01D9 /* Assets.xcassets in Resources */,
				BB479E542652270B007F01D9 /* Main.storyboard in Resources */,
			);
			runOnlyForDeploymentPostprocessing = 0;
		};
/* End PBXResourcesBuildPhase section */

/* Begin PBXSourcesBuildPhase section */
		BB479E452652270B007F01D9 /* Sources */ = {
			isa = PBXSourcesBuildPhase;
			buildActionMask = 2147483647;
			files = (
				BB261FF4265E0204001B2461 /* DetailViewController.swift in Sources */,
				BBE10878265A9D2A00E3A1E9 /* KeywordsTableViewCell.swift in Sources */,
				BB479E4D2652270B007F01D9 /* AppDelegate.swift in Sources */,
				BBE10875265A9B6000E3A1E9 /* KeywordsTableViewController.swift in Sources */,
				BB479E572652270B007F01D9 /* Discovery.xcdatamodeld in Sources */,
				BB6FF53A2655F67D004368B2 /* CustomCell.swift in Sources */,
				BB0E3D43265B661C00914A77 /* MultipleTableViewController.swift in Sources */,
				BB479E4F2652270B007F01D9 /* SceneDelegate.swift in Sources */,
				BB4847D92653414000468BA5 /* TableViewController.swift in Sources */,
			);
			runOnlyForDeploymentPostprocessing = 0;
		};
/* End PBXSourcesBuildPhase section */

/* Begin PBXVariantGroup section */
		BB479E522652270B007F01D9 /* Main.storyboard */ = {
			isa = PBXVariantGroup;
			children = (
				BB479E532652270B007F01D9 /* Base */,
			);
			name = Main.storyboard;
			sourceTree = "<group>";
		};
		BB479E5A26522713007F01D9 /* LaunchScreen.storyboard */ = {
			isa = PBXVariantGroup;
			children = (
				BB479E5B26522713007F01D9 /* Base */,
			);
			name = LaunchScreen.storyboard;
			sourceTree = "<group>";
		};
/* End PBXVariantGroup section */

/* Begin XCBuildConfiguration section */
		BB479E5E26522713007F01D9 /* Debug */ = {
			isa = XCBuildConfiguration;
			buildSettings = {
				ALWAYS_SEARCH_USER_PATHS = NO;
				CLANG_ANALYZER_NONNULL = YES;
				CLANG_ANALYZER_NUMBER_OBJECT_CONVERSION = YES_AGGRESSIVE;
				CLANG_CXX_LANGUAGE_STANDARD = "gnu++14";
				CLANG_CXX_LIBRARY = "libc++";
				CLANG_ENABLE_MODULES = YES;
				CLANG_ENABLE_OBJC_ARC = YES;
				CLANG_ENABLE_OBJC_WEAK = YES;
				CLANG_WARN_BLOCK_CAPTURE_AUTORELEASING = YES;
				CLANG_WARN_BOOL_CONVERSION = YES;
				CLANG_WARN_COMMA = YES;
				CLANG_WARN_CONSTANT_CONVERSION = YES;
				CLANG_WARN_DEPRECATED_OBJC_IMPLEMENTATIONS = YES;
				CLANG_WARN_DIRECT_OBJC_ISA_USAGE = YES_ERROR;
				CLANG_WARN_DOCUMENTATION_COMMENTS = YES;
				CLANG_WARN_EMPTY_BODY = YES;
				CLANG_WARN_ENUM_CONVERSION = YES;
				CLANG_WARN_INFINITE_RECURSION = YES;
				CLANG_WARN_INT_CONVERSION = YES;
				CLANG_WARN_NON_LITERAL_NULL_CONVERSION = YES;
				CLANG_WARN_OBJC_IMPLICIT_RETAIN_SELF = YES;
				CLANG_WARN_OBJC_LITERAL_CONVERSION = YES;
				CLANG_WARN_OBJC_ROOT_CLASS = YES_ERROR;
				CLANG_WARN_QUOTED_INCLUDE_IN_FRAMEWORK_HEADER = YES;
				CLANG_WARN_RANGE_LOOP_ANALYSIS = YES;
				CLANG_WARN_STRICT_PROTOTYPES = YES;
				CLANG_WARN_SUSPICIOUS_MOVE = YES;
				CLANG_WARN_UNGUARDED_AVAILABILITY = YES_AGGRESSIVE;
				CLANG_WARN_UNREACHABLE_CODE = YES;
				CLANG_WARN__DUPLICATE_METHOD_MATCH = YES;
				COPY_PHASE_STRIP = NO;
				DEBUG_INFORMATION_FORMAT = dwarf;
				ENABLE_STRICT_OBJC_MSGSEND = YES;
				ENABLE_TESTABILITY = YES;
				GCC_C_LANGUAGE_STANDARD = gnu11;
				GCC_DYNAMIC_NO_PIC = NO;
				GCC_NO_COMMON_BLOCKS = YES;
				GCC_OPTIMIZATION_LEVEL = 0;
				GCC_PREPROCESSOR_DEFINITIONS = (
					"DEBUG=1",
					"$(inherited)",
				);
				GCC_WARN_64_TO_32_BIT_CONVERSION = YES;
				GCC_WARN_ABOUT_RETURN_TYPE = YES_ERROR;
				GCC_WARN_UNDECLARED_SELECTOR = YES;
				GCC_WARN_UNINITIALIZED_AUTOS = YES_AGGRESSIVE;
				GCC_WARN_UNUSED_FUNCTION = YES;
				GCC_WARN_UNUSED_VARIABLE = YES;
				IPHONEOS_DEPLOYMENT_TARGET = 14.4;
				MTL_ENABLE_DEBUG_INFO = INCLUDE_SOURCE;
				MTL_FAST_MATH = YES;
				ONLY_ACTIVE_ARCH = YES;
				SDKROOT = iphoneos;
				SWIFT_ACTIVE_COMPILATION_CONDITIONS = DEBUG;
				SWIFT_OPTIMIZATION_LEVEL = "-Onone";
			};
			name = Debug;
		};
		BB479E5F26522713007F01D9 /* Release */ = {
			isa = XCBuildConfiguration;
			buildSettings = {
				ALWAYS_SEARCH_USER_PATHS = NO;
				CLANG_ANALYZER_NONNULL = YES;
				CLANG_ANALYZER_NUMBER_OBJECT_CONVERSION = YES_AGGRESSIVE;
				CLANG_CXX_LANGUAGE_STANDARD = "gnu++14";
				CLANG_CXX_LIBRARY = "libc++";
				CLANG_ENABLE_MODULES = YES;
				CLANG_ENABLE_OBJC_ARC = YES;
				CLANG_ENABLE_OBJC_WEAK = YES;
				CLANG_WARN_BLOCK_CAPTURE_AUTORELEASING = YES;
				CLANG_WARN_BOOL_CONVERSION = YES;
				CLANG_WARN_COMMA = YES;
				CLANG_WARN_CONSTANT_CONVERSION = YES;
				CLANG_WARN_DEPRECATED_OBJC_IMPLEMENTATIONS = YES;
				CLANG_WARN_DIRECT_OBJC_ISA_USAGE = YES_ERROR;
				CLANG_WARN_DOCUMENTATION_COMMENTS = YES;
				CLANG_WARN_EMPTY_BODY = YES;
				CLANG_WARN_ENUM_CONVERSION = YES;
				CLANG_WARN_INFINITE_RECURSION = YES;
				CLANG_WARN_INT_CONVERSION = YES;
				CLANG_WARN_NON_LITERAL_NULL_CONVERSION = YES;
				CLANG_WARN_OBJC_IMPLICIT_RETAIN_SELF = YES;
				CLANG_WARN_OBJC_LITERAL_CONVERSION = YES;
				CLANG_WARN_OBJC_ROOT_CLASS = YES_ERROR;
				CLANG_WARN_QUOTED_INCLUDE_IN_FRAMEWORK_HEADER = YES;
				CLANG_WARN_RANGE_LOOP_ANALYSIS = YES;
				CLANG_WARN_STRICT_PROTOTYPES = YES;
				CLANG_WARN_SUSPICIOUS_MOVE = YES;
				CLANG_WARN_UNGUARDED_AVAILABILITY = YES_AGGRESSIVE;
				CLANG_WARN_UNREACHABLE_CODE = YES;
				CLANG_WARN__DUPLICATE_METHOD_MATCH = YES;
				COPY_PHASE_STRIP = NO;
				DEBUG_INFORMATION_FORMAT = "dwarf-with-dsym";
				ENABLE_NS_ASSERTIONS = NO;
				ENABLE_STRICT_OBJC_MSGSEND = YES;
				GCC_C_LANGUAGE_STANDARD = gnu11;
				GCC_NO_COMMON_BLOCKS = YES;
				GCC_WARN_64_TO_32_BIT_CONVERSION = YES;
				GCC_WARN_ABOUT_RETURN_TYPE = YES_ERROR;
				GCC_WARN_UNDECLARED_SELECTOR = YES;
				GCC_WARN_UNINITIALIZED_AUTOS = YES_AGGRESSIVE;
				GCC_WARN_UNUSED_FUNCTION = YES;
				GCC_WARN_UNUSED_VARIABLE = YES;
				IPHONEOS_DEPLOYMENT_TARGET = 14.4;
				MTL_ENABLE_DEBUG_INFO = NO;
				MTL_FAST_MATH = YES;
				SDKROOT = iphoneos;
				SWIFT_COMPILATION_MODE = wholemodule;
				SWIFT_OPTIMIZATION_LEVEL = "-O";
				VALIDATE_PRODUCT = YES;
			};
			name = Release;
		};
		BB479E6126522713007F01D9 /* Debug */ = {
			isa = XCBuildConfiguration;
			buildSettings = {
				ASSETCATALOG_COMPILER_APPICON_NAME = AppIcon;
				ASSETCATALOG_COMPILER_GLOBAL_ACCENT_COLOR_NAME = AccentColor;
				CODE_SIGN_STYLE = Automatic;
				DEVELOPMENT_TEAM = 9Q4ZUVWNLT;
				INFOPLIST_FILE = Discovery/Info.plist;
				LD_RUNPATH_SEARCH_PATHS = (
					"$(inherited)",
					"@executable_path/Frameworks",
				);
				PRODUCT_BUNDLE_IDENTIFIER = Aiden.Discovery;
				PRODUCT_NAME = "$(TARGET_NAME)";
				SWIFT_VERSION = 5.0;
				TARGETED_DEVICE_FAMILY = "1,2";
			};
			name = Debug;
		};
		BB479E6226522713007F01D9 /* Release */ = {
			isa = XCBuildConfiguration;
			buildSettings = {
				ASSETCATALOG_COMPILER_APPICON_NAME = AppIcon;
				ASSETCATALOG_COMPILER_GLOBAL_ACCENT_COLOR_NAME = AccentColor;
				CODE_SIGN_STYLE = Automatic;
				DEVELOPMENT_TEAM = 9Q4ZUVWNLT;
				INFOPLIST_FILE = Discovery/Info.plist;
				LD_RUNPATH_SEARCH_PATHS = (
					"$(inherited)",
					"@executable_path/Frameworks",
				);
				PRODUCT_BUNDLE_IDENTIFIER = Aiden.Discovery;
				PRODUCT_NAME = "$(TARGET_NAME)";
				SWIFT_VERSION = 5.0;
				TARGETED_DEVICE_FAMILY = "1,2";
			};
			name = Release;
		};
/* End XCBuildConfiguration section */

/* Begin XCConfigurationList section */
		BB479E442652270B007F01D9 /* Build configuration list for PBXProject "Discovery" */ = {
			isa = XCConfigurationList;
			buildConfigurations = (
				BB479E5E26522713007F01D9 /* Debug */,
				BB479E5F26522713007F01D9 /* Release */,
			);
			defaultConfigurationIsVisible = 0;
			defaultConfigurationName = Release;
		};
		BB479E6026522713007F01D9 /* Build configuration list for PBXNativeTarget "Discovery" */ = {
			isa = XCConfigurationList;
			buildConfigurations = (
				BB479E6126522713007F01D9 /* Debug */,
				BB479E6226522713007F01D9 /* Release */,
			);
			defaultConfigurationIsVisible = 0;
			defaultConfigurationName = Release;
		};
/* End XCConfigurationList section */

/* Begin XCVersionGroup section */
		BB479E552652270B007F01D9 /* Discovery.xcdatamodeld */ = {
			isa = XCVersionGroup;
			children = (
				BB479E562652270B007F01D9 /* Discovery.xcdatamodel */,
			);
			currentVersion = BB479E562652270B007F01D9 /* Discovery.xcdatamodel */;
			path = Discovery.xcdatamodeld;
			sourceTree = "<group>";
			versionGroupType = wrapper.xcdatamodel;
		};
/* End XCVersionGroup section */
	};
	rootObject = BB479E412652270B007F01D9 /* Project object */;
}
